// !$*UTF8*$!
{
	archiveVersion = 1;
	classes = {
	};
	objectVersion = 50;
	objects = {

/* Begin PBXBuildFile section */
		95197C7A2612F5E3000A8DB0 /* Tests_iOS.swift in Sources */ = {isa = PBXBuildFile; fileRef = 95197C792612F5E3000A8DB0 /* Tests_iOS.swift */; };
		95197C852612F5E3000A8DB0 /* Tests_macOS.swift in Sources */ = {isa = PBXBuildFile; fileRef = 95197C842612F5E3000A8DB0 /* Tests_macOS.swift */; };
		95197C872612F5E3000A8DB0 /* USStockNews.xcdatamodeld in Sources */ = {isa = PBXBuildFile; fileRef = 95197C5B2612F5E1000A8DB0 /* USStockNews.xcdatamodeld */; };
		95197C882612F5E3000A8DB0 /* USStockNews.xcdatamodeld in Sources */ = {isa = PBXBuildFile; fileRef = 95197C5B2612F5E1000A8DB0 /* USStockNews.xcdatamodeld */; };
		95197C892612F5E3000A8DB0 /* USStockNewsApp.swift in Sources */ = {isa = PBXBuildFile; fileRef = 95197C5D2612F5E1000A8DB0 /* USStockNewsApp.swift */; };
		95197C8A2612F5E3000A8DB0 /* USStockNewsApp.swift in Sources */ = {isa = PBXBuildFile; fileRef = 95197C5D2612F5E1000A8DB0 /* USStockNewsApp.swift */; };
		95197C8B2612F5E3000A8DB0 /* ContentView.swift in Sources */ = {isa = PBXBuildFile; fileRef = 95197C5E2612F5E1000A8DB0 /* ContentView.swift */; };
		95197C8C2612F5E3000A8DB0 /* ContentView.swift in Sources */ = {isa = PBXBuildFile; fileRef = 95197C5E2612F5E1000A8DB0 /* ContentView.swift */; };
		95197C8D2612F5E3000A8DB0 /* Persistence.swift in Sources */ = {isa = PBXBuildFile; fileRef = 95197C5F2612F5E1000A8DB0 /* Persistence.swift */; };
		95197C8E2612F5E3000A8DB0 /* Persistence.swift in Sources */ = {isa = PBXBuildFile; fileRef = 95197C5F2612F5E1000A8DB0 /* Persistence.swift */; };
		95197C8F2612F5E3000A8DB0 /* Assets.xcassets in Resources */ = {isa = PBXBuildFile; fileRef = 95197C602612F5E3000A8DB0 /* Assets.xcassets */; };
		95197C902612F5E3000A8DB0 /* Assets.xcassets in Resources */ = {isa = PBXBuildFile; fileRef = 95197C602612F5E3000A8DB0 /* Assets.xcassets */; };
/* End PBXBuildFile section */

/* Begin PBXContainerItemProxy section */
		95197C762612F5E3000A8DB0 /* PBXContainerItemProxy */ = {
			isa = PBXContainerItemProxy;
			containerPortal = 95197C562612F5E1000A8DB0 /* Project object */;
			proxyType = 1;
			remoteGlobalIDString = 95197C642612F5E3000A8DB0;
			remoteInfo = "USStockNews (iOS)";
		};
		95197C812612F5E3000A8DB0 /* PBXContainerItemProxy */ = {
			isa = PBXContainerItemProxy;
			containerPortal = 95197C562612F5E1000A8DB0 /* Project object */;
			proxyType = 1;
			remoteGlobalIDString = 95197C6C2612F5E3000A8DB0;
			remoteInfo = "USStockNews (macOS)";
		};
/* End PBXContainerItemProxy section */

/* Begin PBXFileReference section */
		95197C5C2612F5E1000A8DB0 /* Shared.xcdatamodel */ = {isa = PBXFileReference; lastKnownFileType = wrapper.xcdatamodel; path = Shared.xcdatamodel; sourceTree = "<group>"; };
		95197C5D2612F5E1000A8DB0 /* USStockNewsApp.swift */ = {isa = PBXFileReference; lastKnownFileType = sourcecode.swift; path = USStockNewsApp.swift; sourceTree = "<group>"; };
		95197C5E2612F5E1000A8DB0 /* ContentView.swift */ = {isa = PBXFileReference; lastKnownFileType = sourcecode.swift; path = ContentView.swift; sourceTree = "<group>"; };
		95197C5F2612F5E1000A8DB0 /* Persistence.swift */ = {isa = PBXFileReference; lastKnownFileType = sourcecode.swift; path = Persistence.swift; sourceTree = "<group>"; };
		95197C602612F5E3000A8DB0 /* Assets.xcassets */ = {isa = PBXFileReference; lastKnownFileType = folder.assetcatalog; path = Assets.xcassets; sourceTree = "<group>"; };
		95197C652612F5E3000A8DB0 /* USStockNews.app */ = {isa = PBXFileReference; explicitFileType = wrapper.application; includeInIndex = 0; path = USStockNews.app; sourceTree = BUILT_PRODUCTS_DIR; };
		95197C682612F5E3000A8DB0 /* Info.plist */ = {isa = PBXFileReference; lastKnownFileType = text.plist.xml; path = Info.plist; sourceTree = "<group>"; };
		95197C6D2612F5E3000A8DB0 /* USStockNews.app */ = {isa = PBXFileReference; explicitFileType = wrapper.application; includeInIndex = 0; path = USStockNews.app; sourceTree = BUILT_PRODUCTS_DIR; };
		95197C6F2612F5E3000A8DB0 /* Info.plist */ = {isa = PBXFileReference; lastKnownFileType = text.plist.xml; path = Info.plist; sourceTree = "<group>"; };
		95197C702612F5E3000A8DB0 /* macOS.entitlements */ = {isa = PBXFileReference; lastKnownFileType = text.plist.entitlements; path = macOS.entitlements; sourceTree = "<group>"; };
		95197C752612F5E3000A8DB0 /* Tests iOS.xctest */ = {isa = PBXFileReference; explicitFileType = wrapper.cfbundle; includeInIndex = 0; path = "Tests iOS.xctest"; sourceTree = BUILT_PRODUCTS_DIR; };
		95197C792612F5E3000A8DB0 /* Tests_iOS.swift */ = {isa = PBXFileReference; lastKnownFileType = sourcecode.swift; path = Tests_iOS.swift; sourceTree = "<group>"; };
		95197C7B2612F5E3000A8DB0 /* Info.plist */ = {isa = PBXFileReference; lastKnownFileType = text.plist.xml; path = Info.plist; sourceTree = "<group>"; };
		95197C802612F5E3000A8DB0 /* Tests macOS.xctest */ = {isa = PBXFileReference; explicitFileType = wrapper.cfbundle; includeInIndex = 0; path = "Tests macOS.xctest"; sourceTree = BUILT_PRODUCTS_DIR; };
		95197C842612F5E3000A8DB0 /* Tests_macOS.swift */ = {isa = PBXFileReference; lastKnownFileType = sourcecode.swift; path = Tests_macOS.swift; sourceTree = "<group>"; };
		95197C862612F5E3000A8DB0 /* Info.plist */ = {isa = PBXFileReference; lastKnownFileType = text.plist.xml; path = Info.plist; sourceTree = "<group>"; };
/* End PBXFileReference section */

/* Begin PBXFrameworksBuildPhase section */
		95197C622612F5E3000A8DB0 /* Frameworks */ = {
			isa = PBXFrameworksBuildPhase;
			buildActionMask = 2147483647;
			files = (
			);
			runOnlyForDeploymentPostprocessing = 0;
		};
		95197C6A2612F5E3000A8DB0 /* Frameworks */ = {
			isa = PBXFrameworksBuildPhase;
			buildActionMask = 2147483647;
			files = (
			);
			runOnlyForDeploymentPostprocessing = 0;
		};
		95197C722612F5E3000A8DB0 /* Frameworks */ = {
			isa = PBXFrameworksBuildPhase;
			buildActionMask = 2147483647;
			files = (
			);
			runOnlyForDeploymentPostprocessing = 0;
		};
		95197C7D2612F5E3000A8DB0 /* Frameworks */ = {
			isa = PBXFrameworksBuildPhase;
			buildActionMask = 2147483647;
			files = (
			);
			runOnlyForDeploymentPostprocessing = 0;
		};
/* End PBXFrameworksBuildPhase section */

/* Begin PBXGroup section */
		95197C552612F5E1000A8DB0 = {
			isa = PBXGroup;
			children = (
				95197C5A2612F5E1000A8DB0 /* Shared */,
				95197C672612F5E3000A8DB0 /* iOS */,
				95197C6E2612F5E3000A8DB0 /* macOS */,
				95197C782612F5E3000A8DB0 /* Tests iOS */,
				95197C832612F5E3000A8DB0 /* Tests macOS */,
				95197C662612F5E3000A8DB0 /* Products */,
			);
			sourceTree = "<group>";
		};
		95197C5A2612F5E1000A8DB0 /* Shared */ = {
			isa = PBXGroup;
			children = (
				95197C5D2612F5E1000A8DB0 /* USStockNewsApp.swift */,
				95197C5E2612F5E1000A8DB0 /* ContentView.swift */,
				95197C5F2612F5E1000A8DB0 /* Persistence.swift */,
				95197C602612F5E3000A8DB0 /* Assets.xcassets */,
				95197C5B2612F5E1000A8DB0 /* USStockNews.xcdatamodeld */,
			);
			path = Shared;
			sourceTree = "<group>";
		};
		95197C662612F5E3000A8DB0 /* Products */ = {
			isa = PBXGroup;
			children = (
				95197C652612F5E3000A8DB0 /* USStockNews.app */,
				95197C6D2612F5E3000A8DB0 /* USStockNews.app */,
				95197C752612F5E3000A8DB0 /* Tests iOS.xctest */,
				95197C802612F5E3000A8DB0 /* Tests macOS.xctest */,
			);
			name = Products;
			sourceTree = "<group>";
		};
		95197C672612F5E3000A8DB0 /* iOS */ = {
			isa = PBXGroup;
			children = (
				95197C682612F5E3000A8DB0 /* Info.plist */,
			);
			path = iOS;
			sourceTree = "<group>";
		};
		95197C6E2612F5E3000A8DB0 /* macOS */ = {
			isa = PBXGroup;
			children = (
				95197C6F2612F5E3000A8DB0 /* Info.plist */,
				95197C702612F5E3000A8DB0 /* macOS.entitlements */,
			);
			path = macOS;
			sourceTree = "<group>";
		};
		95197C782612F5E3000A8DB0 /* Tests iOS */ = {
			isa = PBXGroup;
			children = (
				95197C792612F5E3000A8DB0 /* Tests_iOS.swift */,
				95197C7B2612F5E3000A8DB0 /* Info.plist */,
			);
			path = "Tests iOS";
			sourceTree = "<group>";
		};
		95197C832612F5E3000A8DB0 /* Tests macOS */ = {
			isa = PBXGroup;
			children = (
				95197C842612F5E3000A8DB0 /* Tests_macOS.swift */,
				95197C862612F5E3000A8DB0 /* Info.plist */,
			);
			path = "Tests macOS";
			sourceTree = "<group>";
		};
/* End PBXGroup section */

/* Begin PBXNativeTarget section */
		95197C642612F5E3000A8DB0 /* USStockNews (iOS) */ = {
			isa = PBXNativeTarget;
			buildConfigurationList = 95197C932612F5E3000A8DB0 /* Build configuration list for PBXNativeTarget "USStockNews (iOS)" */;
			buildPhases = (
				95197C612612F5E3000A8DB0 /* Sources */,
				95197C622612F5E3000A8DB0 /* Frameworks */,
				95197C632612F5E3000A8DB0 /* Resources */,
			);
			buildRules = (
			);
			dependencies = (
			);
			name = "USStockNews (iOS)";
			productName = "USStockNews (iOS)";
			productReference = 95197C652612F5E3000A8DB0 /* USStockNews.app */;
			productType = "com.apple.product-type.application";
		};
		95197C6C2612F5E3000A8DB0 /* USStockNews (macOS) */ = {
			isa = PBXNativeTarget;
			buildConfigurationList = 95197C962612F5E3000A8DB0 /* Build configuration list for PBXNativeTarget "USStockNews (macOS)" */;
			buildPhases = (
				95197C692612F5E3000A8DB0 /* Sources */,
				95197C6A2612F5E3000A8DB0 /* Frameworks */,
				95197C6B2612F5E3000A8DB0 /* Resources */,
			);
			buildRules = (
			);
			dependencies = (
			);
			name = "USStockNews (macOS)";
			productName = "USStockNews (macOS)";
			productReference = 95197C6D2612F5E3000A8DB0 /* USStockNews.app */;
			productType = "com.apple.product-type.application";
		};
		95197C742612F5E3000A8DB0 /* Tests iOS */ = {
			isa = PBXNativeTarget;
			buildConfigurationList = 95197C992612F5E3000A8DB0 /* Build configuration list for PBXNativeTarget "Tests iOS" */;
			buildPhases = (
				95197C712612F5E3000A8DB0 /* Sources */,
				95197C722612F5E3000A8DB0 /* Frameworks */,
				95197C732612F5E3000A8DB0 /* Resources */,
			);
			buildRules = (
			);
			dependencies = (
				95197C772612F5E3000A8DB0 /* PBXTargetDependency */,
			);
			name = "Tests iOS";
			productName = "Tests iOS";
			productReference = 95197C752612F5E3000A8DB0 /* Tests iOS.xctest */;
			productType = "com.apple.product-type.bundle.ui-testing";
		};
		95197C7F2612F5E3000A8DB0 /* Tests macOS */ = {
			isa = PBXNativeTarget;
			buildConfigurationList = 95197C9C2612F5E3000A8DB0 /* Build configuration list for PBXNativeTarget "Tests macOS" */;
			buildPhases = (
				95197C7C2612F5E3000A8DB0 /* Sources */,
				95197C7D2612F5E3000A8DB0 /* Frameworks */,
				95197C7E2612F5E3000A8DB0 /* Resources */,
			);
			buildRules = (
			);
			dependencies = (
				95197C822612F5E3000A8DB0 /* PBXTargetDependency */,
			);
			name = "Tests macOS";
			productName = "Tests macOS";
			productReference = 95197C802612F5E3000A8DB0 /* Tests macOS.xctest */;
			productType = "com.apple.product-type.bundle.ui-testing";
		};
/* End PBXNativeTarget section */

/* Begin PBXProject section */
		95197C562612F5E1000A8DB0 /* Project object */ = {
			isa = PBXProject;
			attributes = {
				LastSwiftUpdateCheck = 1220;
				LastUpgradeCheck = 1220;
				TargetAttributes = {
					95197C642612F5E3000A8DB0 = {
						CreatedOnToolsVersion = 12.2;
					};
					95197C6C2612F5E3000A8DB0 = {
						CreatedOnToolsVersion = 12.2;
					};
					95197C742612F5E3000A8DB0 = {
						CreatedOnToolsVersion = 12.2;
						TestTargetID = 95197C642612F5E3000A8DB0;
					};
					95197C7F2612F5E3000A8DB0 = {
						CreatedOnToolsVersion = 12.2;
						TestTargetID = 95197C6C2612F5E3000A8DB0;
					};
				};
			};
			buildConfigurationList = 95197C592612F5E1000A8DB0 /* Build configuration list for PBXProject "USStockNews" */;
			compatibilityVersion = "Xcode 9.3";
			developmentRegion = en;
			hasScannedForEncodings = 0;
			knownRegions = (
				en,
				Base,
			);
			mainGroup = 95197C552612F5E1000A8DB0;
			productRefGroup = 95197C662612F5E3000A8DB0 /* Products */;
			projectDirPath = "";
			projectRoot = "";
			targets = (
				95197C642612F5E3000A8DB0 /* USStockNews (iOS) */,
				95197C6C2612F5E3000A8DB0 /* USStockNews (macOS) */,
				95197C742612F5E3000A8DB0 /* Tests iOS */,
				95197C7F2612F5E3000A8DB0 /* Tests macOS */,
			);
		};
/* End PBXProject section */

/* Begin PBXResourcesBuildPhase section */
		95197C632612F5E3000A8DB0 /* Resources */ = {
			isa = PBXResourcesBuildPhase;
			buildActionMask = 2147483647;
			files = (
				95197C8F2612F5E3000A8DB0 /* Assets.xcassets in Resources */,
			);
			runOnlyForDeploymentPostprocessing = 0;
		};
		95197C6B2612F5E3000A8DB0 /* Resources */ = {
			isa = PBXResourcesBuildPhase;
			buildActionMask = 2147483647;
			files = (
				95197C902612F5E3000A8DB0 /* Assets.xcassets in Resources */,
			);
			runOnlyForDeploymentPostprocessing = 0;
		};
		95197C732612F5E3000A8DB0 /* Resources */ = {
			isa = PBXResourcesBuildPhase;
			buildActionMask = 2147483647;
			files = (
			);
			runOnlyForDeploymentPostprocessing = 0;
		};
		95197C7E2612F5E3000A8DB0 /* Resources */ = {
			isa = PBXResourcesBuildPhase;
			buildActionMask = 2147483647;
			files = (
			);
			runOnlyForDeploymentPostprocessing = 0;
		};
/* End PBXResourcesBuildPhase section */

/* Begin PBXSourcesBuildPhase section */
		95197C612612F5E3000A8DB0 /* Sources */ = {
			isa = PBXSourcesBuildPhase;
			buildActionMask = 2147483647;
			files = (
				95197C872612F5E3000A8DB0 /* USStockNews.xcdatamodeld in Sources */,
				95197C8D2612F5E3000A8DB0 /* Persistence.swift in Sources */,
				95197C892612F5E3000A8DB0 /* USStockNewsApp.swift in Sources */,
				95197C8B2612F5E3000A8DB0 /* ContentView.swift in Sources */,
			);
			runOnlyForDeploymentPostprocessing = 0;
		};
		95197C692612F5E3000A8DB0 /* Sources */ = {
			isa = PBXSourcesBuildPhase;
			buildActionMask = 2147483647;
			files = (
				95197C882612F5E3000A8DB0 /* USStockNews.xcdatamodeld in Sources */,
				95197C8E2612F5E3000A8DB0 /* Persistence.swift in Sources */,
				95197C8A2612F5E3000A8DB0 /* USStockNewsApp.swift in Sources */,
				95197C8C2612F5E3000A8DB0 /* ContentView.swift in Sources */,
			);
			runOnlyForDeploymentPostprocessing = 0;
		};
		95197C712612F5E3000A8DB0 /* Sources */ = {
			isa = PBXSourcesBuildPhase;
			buildActionMask = 2147483647;
			files = (
				95197C7A2612F5E3000A8DB0 /* Tests_iOS.swift in Sources */,
			);
			runOnlyForDeploymentPostprocessing = 0;
		};
		95197C7C2612F5E3000A8DB0 /* Sources */ = {
			isa = PBXSourcesBuildPhase;
			buildActionMask = 2147483647;
			files = (
				95197C852612F5E3000A8DB0 /* Tests_macOS.swift in Sources */,
			);
			runOnlyForDeploymentPostprocessing = 0;
		};
/* End PBXSourcesBuildPhase section */

/* Begin PBXTargetDependency section */
		95197C772612F5E3000A8DB0 /* PBXTargetDependency */ = {
			isa = PBXTargetDependency;
			target = 95197C642612F5E3000A8DB0 /* USStockNews (iOS) */;
			targetProxy = 95197C762612F5E3000A8DB0 /* PBXContainerItemProxy */;
		};
		95197C822612F5E3000A8DB0 /* PBXTargetDependency */ = {
			isa = PBXTargetDependency;
			target = 95197C6C2612F5E3000A8DB0 /* USStockNews (macOS) */;
			targetProxy = 95197C812612F5E3000A8DB0 /* PBXContainerItemProxy */;
		};
/* End PBXTargetDependency section */

/* Begin XCBuildConfiguration section */
		95197C912612F5E3000A8DB0 /* Debug */ = {
			isa = XCBuildConfiguration;
			buildSettings = {
				ALWAYS_SEARCH_USER_PATHS = NO;
				CLANG_ANALYZER_NONNULL = YES;
				CLANG_ANALYZER_NUMBER_OBJECT_CONVERSION = YES_AGGRESSIVE;
				CLANG_CXX_LANGUAGE_STANDARD = "gnu++14";
				CLANG_CXX_LIBRARY = "libc++";
				CLANG_ENABLE_MODULES = YES;
				CLANG_ENABLE_OBJC_ARC = YES;
				CLANG_ENABLE_OBJC_WEAK = YES;
				CLANG_WARN_BLOCK_CAPTURE_AUTORELEASING = YES;
				CLANG_WARN_BOOL_CONVERSION = YES;
				CLANG_WARN_COMMA = YES;
				CLANG_WARN_CONSTANT_CONVERSION = YES;
				CLANG_WARN_DEPRECATED_OBJC_IMPLEMENTATIONS = YES;
				CLANG_WARN_DIRECT_OBJC_ISA_USAGE = YES_ERROR;
				CLANG_WARN_DOCUMENTATION_COMMENTS = YES;
				CLANG_WARN_EMPTY_BODY = YES;
				CLANG_WARN_ENUM_CONVERSION = YES;
				CLANG_WARN_INFINITE_RECURSION = YES;
				CLANG_WARN_INT_CONVERSION = YES;
				CLANG_WARN_NON_LITERAL_NULL_CONVERSION = YES;
				CLANG_WARN_OBJC_IMPLICIT_RETAIN_SELF = YES;
				CLANG_WARN_OBJC_LITERAL_CONVERSION = YES;
				CLANG_WARN_OBJC_ROOT_CLASS = YES_ERROR;
				CLANG_WARN_QUOTED_INCLUDE_IN_FRAMEWORK_HEADER = YES;
				CLANG_WARN_RANGE_LOOP_ANALYSIS = YES;
				CLANG_WARN_STRICT_PROTOTYPES = YES;
				CLANG_WARN_SUSPICIOUS_MOVE = YES;
				CLANG_WARN_UNGUARDED_AVAILABILITY = YES_AGGRESSIVE;
				CLANG_WARN_UNREACHABLE_CODE = YES;
				CLANG_WARN__DUPLICATE_METHOD_MATCH = YES;
				COPY_PHASE_STRIP = NO;
				DEBUG_INFORMATION_FORMAT = dwarf;
				ENABLE_STRICT_OBJC_MSGSEND = YES;
				ENABLE_TESTABILITY = YES;
				GCC_C_LANGUAGE_STANDARD = gnu11;
				GCC_DYNAMIC_NO_PIC = NO;
				GCC_NO_COMMON_BLOCKS = YES;
				GCC_OPTIMIZATION_LEVEL = 0;
				GCC_PREPROCESSOR_DEFINITIONS = (
					"DEBUG=1",
					"$(inherited)",
				);
				GCC_WARN_64_TO_32_BIT_CONVERSION = YES;
				GCC_WARN_ABOUT_RETURN_TYPE = YES_ERROR;
				GCC_WARN_UNDECLARED_SELECTOR = YES;
				GCC_WARN_UNINITIALIZED_AUTOS = YES_AGGRESSIVE;
				GCC_WARN_UNUSED_FUNCTION = YES;
				GCC_WARN_UNUSED_VARIABLE = YES;
				MTL_ENABLE_DEBUG_INFO = INCLUDE_SOURCE;
				MTL_FAST_MATH = YES;
				ONLY_ACTIVE_ARCH = YES;
				SWIFT_ACTIVE_COMPILATION_CONDITIONS = DEBUG;
				SWIFT_OPTIMIZATION_LEVEL = "-Onone";
			};
			name = Debug;
		};
		95197C922612F5E3000A8DB0 /* Release */ = {
			isa = XCBuildConfiguration;
			buildSettings = {
				ALWAYS_SEARCH_USER_PATHS = NO;
				CLANG_ANALYZER_NONNULL = YES;
				CLANG_ANALYZER_NUMBER_OBJECT_CONVERSION = YES_AGGRESSIVE;
				CLANG_CXX_LANGUAGE_STANDARD = "gnu++14";
				CLANG_CXX_LIBRARY = "libc++";
				CLANG_ENABLE_MODULES = YES;
				CLANG_ENABLE_OBJC_ARC = YES;
				CLANG_ENABLE_OBJC_WEAK = YES;
				CLANG_WARN_BLOCK_CAPTURE_AUTORELEASING = YES;
				CLANG_WARN_BOOL_CONVERSION = YES;
				CLANG_WARN_COMMA = YES;
				CLANG_WARN_CONSTANT_CONVERSION = YES;
				CLANG_WARN_DEPRECATED_OBJC_IMPLEMENTATIONS = YES;
				CLANG_WARN_DIRECT_OBJC_ISA_USAGE = YES_ERROR;
				CLANG_WARN_DOCUMENTATION_COMMENTS = YES;
				CLANG_WARN_EMPTY_BODY = YES;
				CLANG_WARN_ENUM_CONVERSION = YES;
				CLANG_WARN_INFINITE_RECURSION = YES;
				CLANG_WARN_INT_CONVERSION = YES;
				CLANG_WARN_NON_LITERAL_NULL_CONVERSION = YES;
				CLANG_WARN_OBJC_IMPLICIT_RETAIN_SELF = YES;
				CLANG_WARN_OBJC_LITERAL_CONVERSION = YES;
				CLANG_WARN_OBJC_ROOT_CLASS = YES_ERROR;
				CLANG_WARN_QUOTED_INCLUDE_IN_FRAMEWORK_HEADER = YES;
				CLANG_WARN_RANGE_LOOP_ANALYSIS = YES;
				CLANG_WARN_STRICT_PROTOTYPES = YES;
				CLANG_WARN_SUSPICIOUS_MOVE = YES;
				CLANG_WARN_UNGUARDED_AVAILABILITY = YES_AGGRESSIVE;
				CLANG_WARN_UNREACHABLE_CODE = YES;
				CLANG_WARN__DUPLICATE_METHOD_MATCH = YES;
				COPY_PHASE_STRIP = NO;
				DEBUG_INFORMATION_FORMAT = "dwarf-with-dsym";
				ENABLE_NS_ASSERTIONS = NO;
				ENABLE_STRICT_OBJC_MSGSEND = YES;
				GCC_C_LANGUAGE_STANDARD = gnu11;
				GCC_NO_COMMON_BLOCKS = YES;
				GCC_WARN_64_TO_32_BIT_CONVERSION = YES;
				GCC_WARN_ABOUT_RETURN_TYPE = YES_ERROR;
				GCC_WARN_UNDECLARED_SELECTOR = YES;
				GCC_WARN_UNINITIALIZED_AUTOS = YES_AGGRESSIVE;
				GCC_WARN_UNUSED_FUNCTION = YES;
				GCC_WARN_UNUSED_VARIABLE = YES;
				MTL_ENABLE_DEBUG_INFO = NO;
				MTL_FAST_MATH = YES;
				SWIFT_COMPILATION_MODE = wholemodule;
				SWIFT_OPTIMIZATION_LEVEL = "-O";
			};
			name = Release;
		};
		95197C942612F5E3000A8DB0 /* Debug */ = {
			isa = XCBuildConfiguration;
			buildSettings = {
				ASSETCATALOG_COMPILER_APPICON_NAME = AppIcon;
				ASSETCATALOG_COMPILER_GLOBAL_ACCENT_COLOR_NAME = AccentColor;
				CODE_SIGN_STYLE = Automatic;
				DEVELOPMENT_TEAM = L4447VNCK7;
				ENABLE_PREVIEWS = YES;
				INFOPLIST_FILE = iOS/Info.plist;
				IPHONEOS_DEPLOYMENT_TARGET = 14.0;
				LD_RUNPATH_SEARCH_PATHS = (
					"$(inherited)",
					"@executable_path/Frameworks",
				);
				PRODUCT_BUNDLE_IDENTIFIER = com.anchor.USStockNews;
				PRODUCT_NAME = USStockNews;
				SDKROOT = iphoneos;
				SWIFT_VERSION = 5.0;
				TARGETED_DEVICE_FAMILY = "1,2";
			};
			name = Debug;
		};
		95197C952612F5E3000A8DB0 /* Release */ = {
			isa = XCBuildConfiguration;
			buildSettings = {
				ASSETCATALOG_COMPILER_APPICON_NAME = AppIcon;
				ASSETCATALOG_COMPILER_GLOBAL_ACCENT_COLOR_NAME = AccentColor;
				CODE_SIGN_STYLE = Automatic;
				DEVELOPMENT_TEAM = L4447VNCK7;
				ENABLE_PREVIEWS = YES;
				INFOPLIST_FILE = iOS/Info.plist;
				IPHONEOS_DEPLOYMENT_TARGET = 14.0;
				LD_RUNPATH_SEARCH_PATHS = (
					"$(inherited)",
					"@executable_path/Frameworks",
				);
				PRODUCT_BUNDLE_IDENTIFIER = com.anchor.USStockNews;
				PRODUCT_NAME = USStockNews;
				SDKROOT = iphoneos;
				SWIFT_VERSION = 5.0;
				TARGETED_DEVICE_FAMILY = "1,2";
				VALIDATE_PRODUCT = YES;
			};
			name = Release;
		};
		95197C972612F5E3000A8DB0 /* Debug */ = {
			isa = XCBuildConfiguration;
			buildSettings = {
				ASSETCATALOG_COMPILER_APPICON_NAME = AppIcon;
				ASSETCATALOG_COMPILER_GLOBAL_ACCENT_COLOR_NAME = AccentColor;
				CODE_SIGN_ENTITLEMENTS = macOS/macOS.entitlements;
				CODE_SIGN_STYLE = Automatic;
				COMBINE_HIDPI_IMAGES = YES;
				DEVELOPMENT_TEAM = L4447VNCK7;
				ENABLE_HARDENED_RUNTIME = YES;
				ENABLE_PREVIEWS = YES;
				INFOPLIST_FILE = macOS/Info.plist;
				LD_RUNPATH_SEARCH_PATHS = (
					"$(inherited)",
					"@executable_path/../Frameworks",
				);
				MACOSX_DEPLOYMENT_TARGET = 11.0;
				PRODUCT_BUNDLE_IDENTIFIER = com.anchor.USStockNews;
				PRODUCT_NAME = USStockNews;
				SDKROOT = macosx;
				SWIFT_VERSION = 5.0;
			};
			name = Debug;
		};
		95197C982612F5E3000A8DB0 /* Release */ = {
			isa = XCBuildConfiguration;
			buildSettings = {
				ASSETCATALOG_COMPILER_APPICON_NAME = AppIcon;
				ASSETCATALOG_COMPILER_GLOBAL_ACCENT_COLOR_NAME = AccentColor;
				CODE_SIGN_ENTITLEMENTS = macOS/macOS.entitlements;
				CODE_SIGN_STYLE = Automatic;
				COMBINE_HIDPI_IMAGES = YES;
				DEVELOPMENT_TEAM = L4447VNCK7;
				ENABLE_HARDENED_RUNTIME = YES;
				ENABLE_PREVIEWS = YES;
				INFOPLIST_FILE = macOS/Info.plist;
				LD_RUNPATH_SEARCH_PATHS = (
					"$(inherited)",
					"@executable_path/../Frameworks",
				);
				MACOSX_DEPLOYMENT_TARGET = 11.0;
				PRODUCT_BUNDLE_IDENTIFIER = com.anchor.USStockNews;
				PRODUCT_NAME = USStockNews;
				SDKROOT = macosx;
				SWIFT_VERSION = 5.0;
			};
			name = Release;
		};
		95197C9A2612F5E3000A8DB0 /* Debug */ = {
			isa = XCBuildConfiguration;
			buildSettings = {
				ALWAYS_EMBED_SWIFT_STANDARD_LIBRARIES = YES;
				CODE_SIGN_STYLE = Automatic;
				DEVELOPMENT_TEAM = L4447VNCK7;
				INFOPLIST_FILE = "Tests iOS/Info.plist";
				IPHONEOS_DEPLOYMENT_TARGET = 14.2;
				LD_RUNPATH_SEARCH_PATHS = (
					"$(inherited)",
					"@executable_path/Frameworks",
					"@loader_path/Frameworks",
				);
				PRODUCT_BUNDLE_IDENTIFIER = "com.anchor.Tests-iOS";
				PRODUCT_NAME = "$(TARGET_NAME)";
				SDKROOT = iphoneos;
				SWIFT_VERSION = 5.0;
				TARGETED_DEVICE_FAMILY = "1,2";
				TEST_TARGET_NAME = "USStockNews (iOS)";
			};
			name = Debug;
		};
		95197C9B2612F5E3000A8DB0 /* Release */ = {
			isa = XCBuildConfiguration;
			buildSettings = {
				ALWAYS_EMBED_SWIFT_STANDARD_LIBRARIES = YES;
				CODE_SIGN_STYLE = Automatic;
				DEVELOPMENT_TEAM = L4447VNCK7;
				INFOPLIST_FILE = "Tests iOS/Info.plist";
				IPHONEOS_DEPLOYMENT_TARGET = 14.2;
				LD_RUNPATH_SEARCH_PATHS = (
					"$(inherited)",
					"@executable_path/Frameworks",
					"@loader_path/Frameworks",
				);
				PRODUCT_BUNDLE_IDENTIFIER = "com.anchor.Tests-iOS";
				PRODUCT_NAME = "$(TARGET_NAME)";
				SDKROOT = iphoneos;
				SWIFT_VERSION = 5.0;
				TARGETED_DEVICE_FAMILY = "1,2";
				TEST_TARGET_NAME = "USStockNews (iOS)";
				VALIDATE_PRODUCT = YES;
			};
			name = Release;
		};
		95197C9D2612F5E3000A8DB0 /* Debug */ = {
			isa = XCBuildConfiguration;
			buildSettings = {
				ALWAYS_EMBED_SWIFT_STANDARD_LIBRARIES = YES;
				CODE_SIGN_STYLE = Automatic;
				COMBINE_HIDPI_IMAGES = YES;
				DEVELOPMENT_TEAM = L4447VNCK7;
				INFOPLIST_FILE = "Tests macOS/Info.plist";
				LD_RUNPATH_SEARCH_PATHS = (
					"$(inherited)",
					"@executable_path/../Frameworks",
					"@loader_path/../Frameworks",
				);
				MACOSX_DEPLOYMENT_TARGET = 11.0;
				PRODUCT_BUNDLE_IDENTIFIER = "com.anchor.Tests-macOS";
				PRODUCT_NAME = "$(TARGET_NAME)";
				SDKROOT = macosx;
				SWIFT_VERSION = 5.0;
				TEST_TARGET_NAME = "USStockNews (macOS)";
			};
			name = Debug;
		};
		95197C9E2612F5E3000A8DB0 /* Release */ = {
			isa = XCBuildConfiguration;
			buildSettings = {
				ALWAYS_EMBED_SWIFT_STANDARD_LIBRARIES = YES;
				CODE_SIGN_STYLE = Automatic;
				COMBINE_HIDPI_IMAGES = YES;
				DEVELOPMENT_TEAM = L4447VNCK7;
				INFOPLIST_FILE = "Tests macOS/Info.plist";
				LD_RUNPATH_SEARCH_PATHS = (
					"$(inherited)",
					"@executable_path/../Frameworks",
					"@loader_path/../Frameworks",
				);
				MACOSX_DEPLOYMENT_TARGET = 11.0;
				PRODUCT_BUNDLE_IDENTIFIER = "com.anchor.Tests-macOS";
				PRODUCT_NAME = "$(TARGET_NAME)";
				SDKROOT = macosx;
				SWIFT_VERSION = 5.0;
				TEST_TARGET_NAME = "USStockNews (macOS)";
			};
			name = Release;
		};
/* End XCBuildConfiguration section */

/* Begin XCConfigurationList section */
		95197C592612F5E1000A8DB0 /* Build configuration list for PBXProject "USStockNews" */ = {
			isa = XCConfigurationList;
			buildConfigurations = (
				95197C912612F5E3000A8DB0 /* Debug */,
				95197C922612F5E3000A8DB0 /* Release */,
			);
			defaultConfigurationIsVisible = 0;
			defaultConfigurationName = Release;
		};
		95197C932612F5E3000A8DB0 /* Build configuration list for PBXNativeTarget "USStockNews (iOS)" */ = {
			isa = XCConfigurationList;
			buildConfigurations = (
				95197C942612F5E3000A8DB0 /* Debug */,
				95197C952612F5E3000A8DB0 /* Release */,
			);
			defaultConfigurationIsVisible = 0;
			defaultConfigurationName = Release;
		};
		95197C962612F5E3000A8DB0 /* Build configuration list for PBXNativeTarget "USStockNews (macOS)" */ = {
			isa = XCConfigurationList;
			buildConfigurations = (
				95197C972612F5E3000A8DB0 /* Debug */,
				95197C982612F5E3000A8DB0 /* Release */,
			);
			defaultConfigurationIsVisible = 0;
			defaultConfigurationName = Release;
		};
		95197C992612F5E3000A8DB0 /* Build configuration list for PBXNativeTarget "Tests iOS" */ = {
			isa = XCConfigurationList;
			buildConfigurations = (
				95197C9A2612F5E3000A8DB0 /* Debug */,
				95197C9B2612F5E3000A8DB0 /* Release */,
			);
			defaultConfigurationIsVisible = 0;
			defaultConfigurationName = Release;
		};
		95197C9C2612F5E3000A8DB0 /* Build configuration list for PBXNativeTarget "Tests macOS" */ = {
			isa = XCConfigurationList;
			buildConfigurations = (
				95197C9D2612F5E3000A8DB0 /* Debug */,
				95197C9E2612F5E3000A8DB0 /* Release */,
			);
			defaultConfigurationIsVisible = 0;
			defaultConfigurationName = Release;
		};
/* End XCConfigurationList section */

/* Begin XCVersionGroup section */
		95197C5B2612F5E1000A8DB0 /* USStockNews.xcdatamodeld */ = {
			isa = XCVersionGroup;
			children = (
				95197C5C2612F5E1000A8DB0 /* Shared.xcdatamodel */,
			);
			currentVersion = 95197C5C2612F5E1000A8DB0 /* Shared.xcdatamodel */;
			path = USStockNews.xcdatamodeld;
			sourceTree = "<group>";
			versionGroupType = wrapper.xcdatamodel;
		};
/* End XCVersionGroup section */
	};
	rootObject = 95197C562612F5E1000A8DB0 /* Project object */;
}
