// !$*UTF8*$!
{
	archiveVersion = 1;
	classes = {
	};
	objectVersion = 51;
	objects = {

/* Begin PBXBuildFile section */
		5A753A9A788725A6B89D5C26 /* Pods_USStockNews__macOS_.framework in Frameworks */ = {isa = PBXBuildFile; fileRef = 27AE3A666D02C0B3ABA98B7C /* Pods_USStockNews__macOS_.framework */; };
		70D2F0AE4ABABBFD771A42F2 /* Pods_USStockNews__iOS_.framework in Frameworks */ = {isa = PBXBuildFile; fileRef = 11C182EA2CB50281F0D01B13 /* Pods_USStockNews__iOS_.framework */; };
		95197C7A2612F5E3000A8DB0 /* Tests_iOS.swift in Sources */ = {isa = PBXBuildFile; fileRef = 95197C792612F5E3000A8DB0 /* Tests_iOS.swift */; };
		95197C852612F5E3000A8DB0 /* Tests_macOS.swift in Sources */ = {isa = PBXBuildFile; fileRef = 95197C842612F5E3000A8DB0 /* Tests_macOS.swift */; };
		95197C872612F5E3000A8DB0 /* USStockNews.xcdatamodeld in Sources */ = {isa = PBXBuildFile; fileRef = 95197C5B2612F5E1000A8DB0 /* USStockNews.xcdatamodeld */; };
		95197C882612F5E3000A8DB0 /* USStockNews.xcdatamodeld in Sources */ = {isa = PBXBuildFile; fileRef = 95197C5B2612F5E1000A8DB0 /* USStockNews.xcdatamodeld */; };
		95197C892612F5E3000A8DB0 /* USStockNewsApp.swift in Sources */ = {isa = PBXBuildFile; fileRef = 95197C5D2612F5E1000A8DB0 /* USStockNewsApp.swift */; };
		95197C8A2612F5E3000A8DB0 /* USStockNewsApp.swift in Sources */ = {isa = PBXBuildFile; fileRef = 95197C5D2612F5E1000A8DB0 /* USStockNewsApp.swift */; };
		95197C8B2612F5E3000A8DB0 /* ContentView.swift in Sources */ = {isa = PBXBuildFile; fileRef = 95197C5E2612F5E1000A8DB0 /* ContentView.swift */; };
		95197C8C2612F5E3000A8DB0 /* ContentView.swift in Sources */ = {isa = PBXBuildFile; fileRef = 95197C5E2612F5E1000A8DB0 /* ContentView.swift */; };
		95197C8D2612F5E3000A8DB0 /* Persistence.swift in Sources */ = {isa = PBXBuildFile; fileRef = 95197C5F2612F5E1000A8DB0 /* Persistence.swift */; };
		95197C8E2612F5E3000A8DB0 /* Persistence.swift in Sources */ = {isa = PBXBuildFile; fileRef = 95197C5F2612F5E1000A8DB0 /* Persistence.swift */; };
		95197C8F2612F5E3000A8DB0 /* Assets.xcassets in Resources */ = {isa = PBXBuildFile; fileRef = 95197C602612F5E3000A8DB0 /* Assets.xcassets */; };
		95197C902612F5E3000A8DB0 /* Assets.xcassets in Resources */ = {isa = PBXBuildFile; fileRef = 95197C602612F5E3000A8DB0 /* Assets.xcassets */; };
		95197CA42612F673000A8DB0 /* SearchView.swift in Sources */ = {isa = PBXBuildFile; fileRef = 95197CA32612F673000A8DB0 /* SearchView.swift */; };
		95197CA52612F673000A8DB0 /* SearchView.swift in Sources */ = {isa = PBXBuildFile; fileRef = 95197CA32612F673000A8DB0 /* SearchView.swift */; };
		95197CAD2612FA14000A8DB0 /* CompanyInfoModel.swift in Sources */ = {isa = PBXBuildFile; fileRef = 95197CAC2612FA14000A8DB0 /* CompanyInfoModel.swift */; };
		95197CAE2612FA14000A8DB0 /* CompanyInfoModel.swift in Sources */ = {isa = PBXBuildFile; fileRef = 95197CAC2612FA14000A8DB0 /* CompanyInfoModel.swift */; };
		95197CC5261581BF000A8DB0 /* URLExtensions.swift in Sources */ = {isa = PBXBuildFile; fileRef = 95197CC4261581BF000A8DB0 /* URLExtensions.swift */; };
		95197CC6261581BF000A8DB0 /* URLExtensions.swift in Sources */ = {isa = PBXBuildFile; fileRef = 95197CC4261581BF000A8DB0 /* URLExtensions.swift */; };
		9556B89426BFAAE90062759B /* CardView.swift in Sources */ = {isa = PBXBuildFile; fileRef = 9556B89326BFAAE80062759B /* CardView.swift */; };
		9556B89526BFAAE90062759B /* CardView.swift in Sources */ = {isa = PBXBuildFile; fileRef = 9556B89326BFAAE80062759B /* CardView.swift */; };
		9556B8AD26C11A3B0062759B /* MainView.swift in Sources */ = {isa = PBXBuildFile; fileRef = 9556B8AC26C11A3B0062759B /* MainView.swift */; };
		9556B8AE26C11A3B0062759B /* MainView.swift in Sources */ = {isa = PBXBuildFile; fileRef = 9556B8AC26C11A3B0062759B /* MainView.swift */; };
		9556B8BC26C2AF460062759B /* UserDefaultsManager.swift in Sources */ = {isa = PBXBuildFile; fileRef = 9556B8BB26C2AF460062759B /* UserDefaultsManager.swift */; };
		9556B8BD26C2AF460062759B /* UserDefaultsManager.swift in Sources */ = {isa = PBXBuildFile; fileRef = 9556B8BB26C2AF460062759B /* UserDefaultsManager.swift */; };
		9556B90326C904F80062759B /* Company.swift in Sources */ = {isa = PBXBuildFile; fileRef = 9556B90226C904F80062759B /* Company.swift */; };
		9556B90426C904F80062759B /* Company.swift in Sources */ = {isa = PBXBuildFile; fileRef = 9556B90226C904F80062759B /* Company.swift */; };
		9556B96026CE94DD0062759B /* CardImageView.swift in Sources */ = {isa = PBXBuildFile; fileRef = 9556B95F26CE94DD0062759B /* CardImageView.swift */; };
		9556B96126CE94DD0062759B /* CardImageView.swift in Sources */ = {isa = PBXBuildFile; fileRef = 9556B95F26CE94DD0062759B /* CardImageView.swift */; };
		95D7B0972619CC1400498B87 /* LikedStocksViewModel.swift in Sources */ = {isa = PBXBuildFile; fileRef = 95D7B0962619CC1400498B87 /* LikedStocksViewModel.swift */; };
		95D7B09E2619CDFD00498B87 /* NewsDataService.swift in Sources */ = {isa = PBXBuildFile; fileRef = 95D7B09D2619CDFD00498B87 /* NewsDataService.swift */; };
/* End PBXBuildFile section */

/* Begin PBXContainerItemProxy section */
		95197C762612F5E3000A8DB0 /* PBXContainerItemProxy */ = {
			isa = PBXContainerItemProxy;
			containerPortal = 95197C562612F5E1000A8DB0 /* Project object */;
			proxyType = 1;
			remoteGlobalIDString = 95197C642612F5E3000A8DB0;
			remoteInfo = "USStockNews (iOS)";
		};
		95197C812612F5E3000A8DB0 /* PBXContainerItemProxy */ = {
			isa = PBXContainerItemProxy;
			containerPortal = 95197C562612F5E1000A8DB0 /* Project object */;
			proxyType = 1;
			remoteGlobalIDString = 95197C6C2612F5E3000A8DB0;
			remoteInfo = "USStockNews (macOS)";
		};
/* End PBXContainerItemProxy section */

/* Begin PBXFileReference section */
		11C182EA2CB50281F0D01B13 /* Pods_USStockNews__iOS_.framework */ = {isa = PBXFileReference; explicitFileType = wrapper.framework; includeInIndex = 0; path = Pods_USStockNews__iOS_.framework; sourceTree = BUILT_PRODUCTS_DIR; };
		11DDEBD78404678715802842 /* Pods-USStockNews (macOS).debug.xcconfig */ = {isa = PBXFileReference; includeInIndex = 1; lastKnownFileType = text.xcconfig; name = "Pods-USStockNews (macOS).debug.xcconfig"; path = "Target Support Files/Pods-USStockNews (macOS)/Pods-USStockNews (macOS).debug.xcconfig"; sourceTree = "<group>"; };
		1B315990BEB3FFF933FE17FF /* Pods-USStockNews (macOS).release.xcconfig */ = {isa = PBXFileReference; includeInIndex = 1; lastKnownFileType = text.xcconfig; name = "Pods-USStockNews (macOS).release.xcconfig"; path = "Target Support Files/Pods-USStockNews (macOS)/Pods-USStockNews (macOS).release.xcconfig"; sourceTree = "<group>"; };
		27AE3A666D02C0B3ABA98B7C /* Pods_USStockNews__macOS_.framework */ = {isa = PBXFileReference; explicitFileType = wrapper.framework; includeInIndex = 0; path = Pods_USStockNews__macOS_.framework; sourceTree = BUILT_PRODUCTS_DIR; };
		70F20BED5E77165B87D63D29 /* Pods-USStockNews (iOS).release.xcconfig */ = {isa = PBXFileReference; includeInIndex = 1; lastKnownFileType = text.xcconfig; name = "Pods-USStockNews (iOS).release.xcconfig"; path = "Target Support Files/Pods-USStockNews (iOS)/Pods-USStockNews (iOS).release.xcconfig"; sourceTree = "<group>"; };
		95197C5C2612F5E1000A8DB0 /* Shared.xcdatamodel */ = {isa = PBXFileReference; lastKnownFileType = wrapper.xcdatamodel; path = Shared.xcdatamodel; sourceTree = "<group>"; };
		95197C5D2612F5E1000A8DB0 /* USStockNewsApp.swift */ = {isa = PBXFileReference; lastKnownFileType = sourcecode.swift; path = USStockNewsApp.swift; sourceTree = "<group>"; };
		95197C5E2612F5E1000A8DB0 /* ContentView.swift */ = {isa = PBXFileReference; lastKnownFileType = sourcecode.swift; path = ContentView.swift; sourceTree = "<group>"; };
		95197C5F2612F5E1000A8DB0 /* Persistence.swift */ = {isa = PBXFileReference; lastKnownFileType = sourcecode.swift; path = Persistence.swift; sourceTree = "<group>"; };
		95197C602612F5E3000A8DB0 /* Assets.xcassets */ = {isa = PBXFileReference; lastKnownFileType = folder.assetcatalog; path = Assets.xcassets; sourceTree = "<group>"; };
		95197C652612F5E3000A8DB0 /* USStockNews.app */ = {isa = PBXFileReference; explicitFileType = wrapper.application; includeInIndex = 0; path = USStockNews.app; sourceTree = BUILT_PRODUCTS_DIR; };
		95197C682612F5E3000A8DB0 /* Info.plist */ = {isa = PBXFileReference; lastKnownFileType = text.plist.xml; path = Info.plist; sourceTree = "<group>"; };
		95197C6D2612F5E3000A8DB0 /* USStockNews.app */ = {isa = PBXFileReference; explicitFileType = wrapper.application; includeInIndex = 0; path = USStockNews.app; sourceTree = BUILT_PRODUCTS_DIR; };
		95197C6F2612F5E3000A8DB0 /* Info.plist */ = {isa = PBXFileReference; lastKnownFileType = text.plist.xml; path = Info.plist; sourceTree = "<group>"; };
		95197C702612F5E3000A8DB0 /* macOS.entitlements */ = {isa = PBXFileReference; lastKnownFileType = text.plist.entitlements; path = macOS.entitlements; sourceTree = "<group>"; };
		95197C752612F5E3000A8DB0 /* Tests iOS.xctest */ = {isa = PBXFileReference; explicitFileType = wrapper.cfbundle; includeInIndex = 0; path = "Tests iOS.xctest"; sourceTree = BUILT_PRODUCTS_DIR; };
		95197C792612F5E3000A8DB0 /* Tests_iOS.swift */ = {isa = PBXFileReference; lastKnownFileType = sourcecode.swift; path = Tests_iOS.swift; sourceTree = "<group>"; };
		95197C7B2612F5E3000A8DB0 /* Info.plist */ = {isa = PBXFileReference; lastKnownFileType = text.plist.xml; path = Info.plist; sourceTree = "<group>"; };
		95197C802612F5E3000A8DB0 /* Tests macOS.xctest */ = {isa = PBXFileReference; explicitFileType = wrapper.cfbundle; includeInIndex = 0; path = "Tests macOS.xctest"; sourceTree = BUILT_PRODUCTS_DIR; };
		95197C842612F5E3000A8DB0 /* Tests_macOS.swift */ = {isa = PBXFileReference; lastKnownFileType = sourcecode.swift; path = Tests_macOS.swift; sourceTree = "<group>"; };
		95197C862612F5E3000A8DB0 /* Info.plist */ = {isa = PBXFileReference; lastKnownFileType = text.plist.xml; path = Info.plist; sourceTree = "<group>"; };
		95197CA32612F673000A8DB0 /* SearchView.swift */ = {isa = PBXFileReference; lastKnownFileType = sourcecode.swift; path = SearchView.swift; sourceTree = "<group>"; };
		95197CAC2612FA14000A8DB0 /* CompanyInfoModel.swift */ = {isa = PBXFileReference; lastKnownFileType = sourcecode.swift; path = CompanyInfoModel.swift; sourceTree = "<group>"; };
		95197CC4261581BF000A8DB0 /* URLExtensions.swift */ = {isa = PBXFileReference; lastKnownFileType = sourcecode.swift; path = URLExtensions.swift; sourceTree = "<group>"; };
		9556B89326BFAAE80062759B /* CardView.swift */ = {isa = PBXFileReference; lastKnownFileType = sourcecode.swift; path = CardView.swift; sourceTree = "<group>"; };
		9556B8AC26C11A3B0062759B /* MainView.swift */ = {isa = PBXFileReference; lastKnownFileType = sourcecode.swift; path = MainView.swift; sourceTree = "<group>"; };
		9556B8BB26C2AF460062759B /* UserDefaultsManager.swift */ = {isa = PBXFileReference; lastKnownFileType = sourcecode.swift; path = UserDefaultsManager.swift; sourceTree = "<group>"; };
		9556B90226C904F80062759B /* Company.swift */ = {isa = PBXFileReference; lastKnownFileType = sourcecode.swift; path = Company.swift; sourceTree = "<group>"; };
		9556B95F26CE94DD0062759B /* CardImageView.swift */ = {isa = PBXFileReference; lastKnownFileType = sourcecode.swift; path = CardImageView.swift; sourceTree = "<group>"; };
		95D7B0962619CC1400498B87 /* LikedStocksViewModel.swift */ = {isa = PBXFileReference; lastKnownFileType = sourcecode.swift; path = LikedStocksViewModel.swift; sourceTree = "<group>"; };
		95D7B09D2619CDFD00498B87 /* NewsDataService.swift */ = {isa = PBXFileReference; lastKnownFileType = sourcecode.swift; path = NewsDataService.swift; sourceTree = "<group>"; };
		BD691C6C0217F0279DDB0A9C /* Pods-USStockNews (iOS).debug.xcconfig */ = {isa = PBXFileReference; includeInIndex = 1; lastKnownFileType = text.xcconfig; name = "Pods-USStockNews (iOS).debug.xcconfig"; path = "Target Support Files/Pods-USStockNews (iOS)/Pods-USStockNews (iOS).debug.xcconfig"; sourceTree = "<group>"; };
/* End PBXFileReference section */

/* Begin PBXFrameworksBuildPhase section */
		95197C622612F5E3000A8DB0 /* Frameworks */ = {
			isa = PBXFrameworksBuildPhase;
			buildActionMask = 2147483647;
			files = (
				70D2F0AE4ABABBFD771A42F2 /* Pods_USStockNews__iOS_.framework in Frameworks */,
			);
			runOnlyForDeploymentPostprocessing = 0;
		};
		95197C6A2612F5E3000A8DB0 /* Frameworks */ = {
			isa = PBXFrameworksBuildPhase;
			buildActionMask = 2147483647;
			files = (
				5A753A9A788725A6B89D5C26 /* Pods_USStockNews__macOS_.framework in Frameworks */,
			);
			runOnlyForDeploymentPostprocessing = 0;
		};
		95197C722612F5E3000A8DB0 /* Frameworks */ = {
			isa = PBXFrameworksBuildPhase;
			buildActionMask = 2147483647;
			files = (
			);
			runOnlyForDeploymentPostprocessing = 0;
		};
		95197C7D2612F5E3000A8DB0 /* Frameworks */ = {
			isa = PBXFrameworksBuildPhase;
			buildActionMask = 2147483647;
			files = (
			);
			runOnlyForDeploymentPostprocessing = 0;
		};
/* End PBXFrameworksBuildPhase section */

/* Begin PBXGroup section */
		234CDA55044E1BDBCE429729 /* Frameworks */ = {
			isa = PBXGroup;
			children = (
				11C182EA2CB50281F0D01B13 /* Pods_USStockNews__iOS_.framework */,
				27AE3A666D02C0B3ABA98B7C /* Pods_USStockNews__macOS_.framework */,
			);
			name = Frameworks;
			sourceTree = "<group>";
		};
		95197C552612F5E1000A8DB0 = {
			isa = PBXGroup;
			children = (
				95197C5A2612F5E1000A8DB0 /* Shared */,
				95197C672612F5E3000A8DB0 /* iOS */,
				95197C6E2612F5E3000A8DB0 /* macOS */,
				95197C782612F5E3000A8DB0 /* Tests iOS */,
				95197C832612F5E3000A8DB0 /* Tests macOS */,
				95197C662612F5E3000A8DB0 /* Products */,
				A70BF52278134E4614616363 /* Pods */,
				234CDA55044E1BDBCE429729 /* Frameworks */,
			);
			sourceTree = "<group>";
		};
		95197C5A2612F5E1000A8DB0 /* Shared */ = {
			isa = PBXGroup;
			children = (
				9556B8BA26C2AF0A0062759B /* UserDefaultsManager */,
				95D7B09C2619CDA000498B87 /* Service */,
				95197CC326158155000A8DB0 /* Extensions */,
				95197CBE2613462F000A8DB0 /* ViewModel */,
				95197CAB2612FA01000A8DB0 /* Model */,
				95197CAA2612F9EE000A8DB0 /* View */,
				95197C5D2612F5E1000A8DB0 /* USStockNewsApp.swift */,
				95197C5E2612F5E1000A8DB0 /* ContentView.swift */,
				95197C5F2612F5E1000A8DB0 /* Persistence.swift */,
				95197C602612F5E3000A8DB0 /* Assets.xcassets */,
				95197C5B2612F5E1000A8DB0 /* USStockNews.xcdatamodeld */,
			);
			path = Shared;
			sourceTree = "<group>";
		};
		95197C662612F5E3000A8DB0 /* Products */ = {
			isa = PBXGroup;
			children = (
				95197C652612F5E3000A8DB0 /* USStockNews.app */,
				95197C6D2612F5E3000A8DB0 /* USStockNews.app */,
				95197C752612F5E3000A8DB0 /* Tests iOS.xctest */,
				95197C802612F5E3000A8DB0 /* Tests macOS.xctest */,
			);
			name = Products;
			sourceTree = "<group>";
		};
		95197C672612F5E3000A8DB0 /* iOS */ = {
			isa = PBXGroup;
			children = (
				95197C682612F5E3000A8DB0 /* Info.plist */,
			);
			path = iOS;
			sourceTree = "<group>";
		};
		95197C6E2612F5E3000A8DB0 /* macOS */ = {
			isa = PBXGroup;
			children = (
				95197C6F2612F5E3000A8DB0 /* Info.plist */,
				95197C702612F5E3000A8DB0 /* macOS.entitlements */,
			);
			path = macOS;
			sourceTree = "<group>";
		};
		95197C782612F5E3000A8DB0 /* Tests iOS */ = {
			isa = PBXGroup;
			children = (
				95197C792612F5E3000A8DB0 /* Tests_iOS.swift */,
				95197C7B2612F5E3000A8DB0 /* Info.plist */,
			);
			path = "Tests iOS";
			sourceTree = "<group>";
		};
		95197C832612F5E3000A8DB0 /* Tests macOS */ = {
			isa = PBXGroup;
			children = (
				95197C842612F5E3000A8DB0 /* Tests_macOS.swift */,
				95197C862612F5E3000A8DB0 /* Info.plist */,
			);
			path = "Tests macOS";
			sourceTree = "<group>";
		};
		95197CAA2612F9EE000A8DB0 /* View */ = {
			isa = PBXGroup;
			children = (
				95197CA32612F673000A8DB0 /* SearchView.swift */,
				9556B89326BFAAE80062759B /* CardView.swift */,
				9556B8AC26C11A3B0062759B /* MainView.swift */,
				9556B95F26CE94DD0062759B /* CardImageView.swift */,
			);
			path = View;
			sourceTree = "<group>";
		};
		95197CAB2612FA01000A8DB0 /* Model */ = {
			isa = PBXGroup;
			children = (
				95197CAC2612FA14000A8DB0 /* CompanyInfoModel.swift */,
				9556B90226C904F80062759B /* Company.swift */,
			);
			path = Model;
			sourceTree = "<group>";
		};
		95197CBE2613462F000A8DB0 /* ViewModel */ = {
			isa = PBXGroup;
			children = (
				95D7B0962619CC1400498B87 /* LikedStocksViewModel.swift */,
			);
			path = ViewModel;
			sourceTree = "<group>";
		};
		95197CC326158155000A8DB0 /* Extensions */ = {
			isa = PBXGroup;
			children = (
				95197CC4261581BF000A8DB0 /* URLExtensions.swift */,
			);
			path = Extensions;
			sourceTree = "<group>";
		};
		9556B8BA26C2AF0A0062759B /* UserDefaultsManager */ = {
			isa = PBXGroup;
			children = (
				9556B8BB26C2AF460062759B /* UserDefaultsManager.swift */,
			);
			path = UserDefaultsManager;
			sourceTree = "<group>";
		};
		95D7B09C2619CDA000498B87 /* Service */ = {
			isa = PBXGroup;
			children = (
				95D7B09D2619CDFD00498B87 /* NewsDataService.swift */,
			);
			path = Service;
			sourceTree = "<group>";
		};
		A70BF52278134E4614616363 /* Pods */ = {
			isa = PBXGroup;
			children = (
				BD691C6C0217F0279DDB0A9C /* Pods-USStockNews (iOS).debug.xcconfig */,
				70F20BED5E77165B87D63D29 /* Pods-USStockNews (iOS).release.xcconfig */,
				11DDEBD78404678715802842 /* Pods-USStockNews (macOS).debug.xcconfig */,
				1B315990BEB3FFF933FE17FF /* Pods-USStockNews (macOS).release.xcconfig */,
			);
			path = Pods;
			sourceTree = "<group>";
		};
/* End PBXGroup section */

/* Begin PBXNativeTarget section */
		95197C642612F5E3000A8DB0 /* USStockNews (iOS) */ = {
			isa = PBXNativeTarget;
			buildConfigurationList = 95197C932612F5E3000A8DB0 /* Build configuration list for PBXNativeTarget "USStockNews (iOS)" */;
			buildPhases = (
				9DC1D4852C0F8930CD99C461 /* [CP] Check Pods Manifest.lock */,
				95197C612612F5E3000A8DB0 /* Sources */,
				95197C622612F5E3000A8DB0 /* Frameworks */,
				95197C632612F5E3000A8DB0 /* Resources */,
				1BCD4F30BD2654E04205ABFE /* [CP] Embed Pods Frameworks */,
			);
			buildRules = (
			);
			dependencies = (
			);
			name = "USStockNews (iOS)";
			productName = "USStockNews (iOS)";
			productReference = 95197C652612F5E3000A8DB0 /* USStockNews.app */;
			productType = "com.apple.product-type.application";
		};
		95197C6C2612F5E3000A8DB0 /* USStockNews (macOS) */ = {
			isa = PBXNativeTarget;
			buildConfigurationList = 95197C962612F5E3000A8DB0 /* Build configuration list for PBXNativeTarget "USStockNews (macOS)" */;
			buildPhases = (
				C6A83F5B65112D219AB77EEA /* [CP] Check Pods Manifest.lock */,
				95197C692612F5E3000A8DB0 /* Sources */,
				95197C6A2612F5E3000A8DB0 /* Frameworks */,
				95197C6B2612F5E3000A8DB0 /* Resources */,
			);
			buildRules = (
			);
			dependencies = (
			);
			name = "USStockNews (macOS)";
			productName = "USStockNews (macOS)";
			productReference = 95197C6D2612F5E3000A8DB0 /* USStockNews.app */;
			productType = "com.apple.product-type.application";
		};
		95197C742612F5E3000A8DB0 /* Tests iOS */ = {
			isa = PBXNativeTarget;
			buildConfigurationList = 95197C992612F5E3000A8DB0 /* Build configuration list for PBXNativeTarget "Tests iOS" */;
			buildPhases = (
				95197C712612F5E3000A8DB0 /* Sources */,
				95197C722612F5E3000A8DB0 /* Frameworks */,
				95197C732612F5E3000A8DB0 /* Resources */,
			);
			buildRules = (
			);
			dependencies = (
				95197C772612F5E3000A8DB0 /* PBXTargetDependency */,
			);
			name = "Tests iOS";
			productName = "Tests iOS";
			productReference = 95197C752612F5E3000A8DB0 /* Tests iOS.xctest */;
			productType = "com.apple.product-type.bundle.ui-testing";
		};
		95197C7F2612F5E3000A8DB0 /* Tests macOS */ = {
			isa = PBXNativeTarget;
			buildConfigurationList = 95197C9C2612F5E3000A8DB0 /* Build configuration list for PBXNativeTarget "Tests macOS" */;
			buildPhases = (
				95197C7C2612F5E3000A8DB0 /* Sources */,
				95197C7D2612F5E3000A8DB0 /* Frameworks */,
				95197C7E2612F5E3000A8DB0 /* Resources */,
			);
			buildRules = (
			);
			dependencies = (
				95197C822612F5E3000A8DB0 /* PBXTargetDependency */,
			);
			name = "Tests macOS";
			productName = "Tests macOS";
			productReference = 95197C802612F5E3000A8DB0 /* Tests macOS.xctest */;
			productType = "com.apple.product-type.bundle.ui-testing";
		};
/* End PBXNativeTarget section */

/* Begin PBXProject section */
		95197C562612F5E1000A8DB0 /* Project object */ = {
			isa = PBXProject;
			attributes = {
				LastSwiftUpdateCheck = 1220;
				LastUpgradeCheck = 1220;
				TargetAttributes = {
					95197C642612F5E3000A8DB0 = {
						CreatedOnToolsVersion = 12.2;
					};
					95197C6C2612F5E3000A8DB0 = {
						CreatedOnToolsVersion = 12.2;
					};
					95197C742612F5E3000A8DB0 = {
						CreatedOnToolsVersion = 12.2;
						TestTargetID = 95197C642612F5E3000A8DB0;
					};
					95197C7F2612F5E3000A8DB0 = {
						CreatedOnToolsVersion = 12.2;
						TestTargetID = 95197C6C2612F5E3000A8DB0;
					};
				};
			};
			buildConfigurationList = 95197C592612F5E1000A8DB0 /* Build configuration list for PBXProject "USStockNews" */;
			compatibilityVersion = "Xcode 9.3";
			developmentRegion = en;
			hasScannedForEncodings = 0;
			knownRegions = (
				en,
				Base,
			);
			mainGroup = 95197C552612F5E1000A8DB0;
			productRefGroup = 95197C662612F5E3000A8DB0 /* Products */;
			projectDirPath = "";
			projectRoot = "";
			targets = (
				95197C642612F5E3000A8DB0 /* USStockNews (iOS) */,
				95197C6C2612F5E3000A8DB0 /* USStockNews (macOS) */,
				95197C742612F5E3000A8DB0 /* Tests iOS */,
				95197C7F2612F5E3000A8DB0 /* Tests macOS */,
			);
		};
/* End PBXProject section */

/* Begin PBXResourcesBuildPhase section */
		95197C632612F5E3000A8DB0 /* Resources */ = {
			isa = PBXResourcesBuildPhase;
			buildActionMask = 2147483647;
			files = (
				95197C8F2612F5E3000A8DB0 /* Assets.xcassets in Resources */,
			);
			runOnlyForDeploymentPostprocessing = 0;
		};
		95197C6B2612F5E3000A8DB0 /* Resources */ = {
			isa = PBXResourcesBuildPhase;
			buildActionMask = 2147483647;
			files = (
				95197C902612F5E3000A8DB0 /* Assets.xcassets in Resources */,
			);
			runOnlyForDeploymentPostprocessing = 0;
		};
		95197C732612F5E3000A8DB0 /* Resources */ = {
			isa = PBXResourcesBuildPhase;
			buildActionMask = 2147483647;
			files = (
			);
			runOnlyForDeploymentPostprocessing = 0;
		};
		95197C7E2612F5E3000A8DB0 /* Resources */ = {
			isa = PBXResourcesBuildPhase;
			buildActionMask = 2147483647;
			files = (
			);
			runOnlyForDeploymentPostprocessing = 0;
		};
/* End PBXResourcesBuildPhase section */

/* Begin PBXShellScriptBuildPhase section */
		1BCD4F30BD2654E04205ABFE /* [CP] Embed Pods Frameworks */ = {
			isa = PBXShellScriptBuildPhase;
			buildActionMask = 2147483647;
			files = (
			);
			inputFileListPaths = (
				"${PODS_ROOT}/Target Support Files/Pods-USStockNews (iOS)/Pods-USStockNews (iOS)-frameworks-${CONFIGURATION}-input-files.xcfilelist",
			);
			name = "[CP] Embed Pods Frameworks";
			outputFileListPaths = (
				"${PODS_ROOT}/Target Support Files/Pods-USStockNews (iOS)/Pods-USStockNews (iOS)-frameworks-${CONFIGURATION}-output-files.xcfilelist",
			);
			runOnlyForDeploymentPostprocessing = 0;
			shellPath = /bin/sh;
			shellScript = "\"${PODS_ROOT}/Target Support Files/Pods-USStockNews (iOS)/Pods-USStockNews (iOS)-frameworks.sh\"\n";
			showEnvVarsInLog = 0;
		};
		9DC1D4852C0F8930CD99C461 /* [CP] Check Pods Manifest.lock */ = {
			isa = PBXShellScriptBuildPhase;
			buildActionMask = 2147483647;
			files = (
			);
			inputFileListPaths = (
			);
			inputPaths = (
				"${PODS_PODFILE_DIR_PATH}/Podfile.lock",
				"${PODS_ROOT}/Manifest.lock",
			);
			name = "[CP] Check Pods Manifest.lock";
			outputFileListPaths = (
			);
			outputPaths = (
				"$(DERIVED_FILE_DIR)/Pods-USStockNews (iOS)-checkManifestLockResult.txt",
			);
			runOnlyForDeploymentPostprocessing = 0;
			shellPath = /bin/sh;
			shellScript = "diff \"${PODS_PODFILE_DIR_PATH}/Podfile.lock\" \"${PODS_ROOT}/Manifest.lock\" > /dev/null\nif [ $? != 0 ] ; then\n    # print error to STDERR\n    echo \"error: The sandbox is not in sync with the Podfile.lock. Run 'pod install' or update your CocoaPods installation.\" >&2\n    exit 1\nfi\n# This output is used by Xcode 'outputs' to avoid re-running this script phase.\necho \"SUCCESS\" > \"${SCRIPT_OUTPUT_FILE_0}\"\n";
			showEnvVarsInLog = 0;
		};
		C6A83F5B65112D219AB77EEA /* [CP] Check Pods Manifest.lock */ = {
			isa = PBXShellScriptBuildPhase;
			buildActionMask = 2147483647;
			files = (
			);
			inputFileListPaths = (
			);
			inputPaths = (
				"${PODS_PODFILE_DIR_PATH}/Podfile.lock",
				"${PODS_ROOT}/Manifest.lock",
			);
			name = "[CP] Check Pods Manifest.lock";
			outputFileListPaths = (
			);
			outputPaths = (
				"$(DERIVED_FILE_DIR)/Pods-USStockNews (macOS)-checkManifestLockResult.txt",
			);
			runOnlyForDeploymentPostprocessing = 0;
			shellPath = /bin/sh;
			shellScript = "diff \"${PODS_PODFILE_DIR_PATH}/Podfile.lock\" \"${PODS_ROOT}/Manifest.lock\" > /dev/null\nif [ $? != 0 ] ; then\n    # print error to STDERR\n    echo \"error: The sandbox is not in sync with the Podfile.lock. Run 'pod install' or update your CocoaPods installation.\" >&2\n    exit 1\nfi\n# This output is used by Xcode 'outputs' to avoid re-running this script phase.\necho \"SUCCESS\" > \"${SCRIPT_OUTPUT_FILE_0}\"\n";
			showEnvVarsInLog = 0;
		};
/* End PBXShellScriptBuildPhase section */

/* Begin PBXSourcesBuildPhase section */
		95197C612612F5E3000A8DB0 /* Sources */ = {
			isa = PBXSourcesBuildPhase;
			buildActionMask = 2147483647;
			files = (
				95197CC5261581BF000A8DB0 /* URLExtensions.swift in Sources */,
				9556B8AD26C11A3B0062759B /* MainView.swift in Sources */,
				9556B96026CE94DD0062759B /* CardImageView.swift in Sources */,
				95D7B0972619CC1400498B87 /* LikedStocksViewModel.swift in Sources */,
				9556B8BC26C2AF460062759B /* UserDefaultsManager.swift in Sources */,
				95D7B09E2619CDFD00498B87 /* NewsDataService.swift in Sources */,
				95197C872612F5E3000A8DB0 /* USStockNews.xcdatamodeld in Sources */,
				95197CA42612F673000A8DB0 /* SearchView.swift in Sources */,
				95197CAD2612FA14000A8DB0 /* CompanyInfoModel.swift in Sources */,
				95197C8D2612F5E3000A8DB0 /* Persistence.swift in Sources */,
				95197C892612F5E3000A8DB0 /* USStockNewsApp.swift in Sources */,
				95197C8B2612F5E3000A8DB0 /* ContentView.swift in Sources */,
				9556B90326C904F80062759B /* Company.swift in Sources */,
				9556B89426BFAAE90062759B /* CardView.swift in Sources */,
			);
			runOnlyForDeploymentPostprocessing = 0;
		};
		95197C692612F5E3000A8DB0 /* Sources */ = {
			isa = PBXSourcesBuildPhase;
			buildActionMask = 2147483647;
			files = (
				95197CC6261581BF000A8DB0 /* URLExtensions.swift in Sources */,
				9556B8AE26C11A3B0062759B /* MainView.swift in Sources */,
				95197C882612F5E3000A8DB0 /* USStockNews.xcdatamodeld in Sources */,
				95197CA52612F673000A8DB0 /* SearchView.swift in Sources */,
				95197CAE2612FA14000A8DB0 /* CompanyInfoModel.swift in Sources */,
				95197C8E2612F5E3000A8DB0 /* Persistence.swift in Sources */,
				9556B8BD26C2AF460062759B /* UserDefaultsManager.swift in Sources */,
				9556B90426C904F80062759B /* Company.swift in Sources */,
				95197C8A2612F5E3000A8DB0 /* USStockNewsApp.swift in Sources */,
				9556B89526BFAAE90062759B /* CardView.swift in Sources */,
				9556B96126CE94DD0062759B /* CardImageView.swift in Sources */,
				95197C8C2612F5E3000A8DB0 /* ContentView.swift in Sources */,
			);
			runOnlyForDeploymentPostprocessing = 0;
		};
		95197C712612F5E3000A8DB0 /* Sources */ = {
			isa = PBXSourcesBuildPhase;
			buildActionMask = 2147483647;
			files = (
				95197C7A2612F5E3000A8DB0 /* Tests_iOS.swift in Sources */,
			);
			runOnlyForDeploymentPostprocessing = 0;
		};
		95197C7C2612F5E3000A8DB0 /* Sources */ = {
			isa = PBXSourcesBuildPhase;
			buildActionMask = 2147483647;
			files = (
				95197C852612F5E3000A8DB0 /* Tests_macOS.swift in Sources */,
			);
			runOnlyForDeploymentPostprocessing = 0;
		};
/* End PBXSourcesBuildPhase section */

/* Begin PBXTargetDependency section */
		95197C772612F5E3000A8DB0 /* PBXTargetDependency */ = {
			isa = PBXTargetDependency;
			target = 95197C642612F5E3000A8DB0 /* USStockNews (iOS) */;
			targetProxy = 95197C762612F5E3000A8DB0 /* PBXContainerItemProxy */;
		};
		95197C822612F5E3000A8DB0 /* PBXTargetDependency */ = {
			isa = PBXTargetDependency;
			target = 95197C6C2612F5E3000A8DB0 /* USStockNews (macOS) */;
			targetProxy = 95197C812612F5E3000A8DB0 /* PBXContainerItemProxy */;
		};
/* End PBXTargetDependency section */

/* Begin XCBuildConfiguration section */
		95197C912612F5E3000A8DB0 /* Debug */ = {
			isa = XCBuildConfiguration;
			buildSettings = {
				ALWAYS_SEARCH_USER_PATHS = NO;
				CLANG_ANALYZER_NONNULL = YES;
				CLANG_ANALYZER_NUMBER_OBJECT_CONVERSION = YES_AGGRESSIVE;
				CLANG_CXX_LANGUAGE_STANDARD = "gnu++14";
				CLANG_CXX_LIBRARY = "libc++";
				CLANG_ENABLE_MODULES = YES;
				CLANG_ENABLE_OBJC_ARC = YES;
				CLANG_ENABLE_OBJC_WEAK = YES;
				CLANG_WARN_BLOCK_CAPTURE_AUTORELEASING = YES;
				CLANG_WARN_BOOL_CONVERSION = YES;
				CLANG_WARN_COMMA = YES;
				CLANG_WARN_CONSTANT_CONVERSION = YES;
				CLANG_WARN_DEPRECATED_OBJC_IMPLEMENTATIONS = YES;
				CLANG_WARN_DIRECT_OBJC_ISA_USAGE = YES_ERROR;
				CLANG_WARN_DOCUMENTATION_COMMENTS = YES;
				CLANG_WARN_EMPTY_BODY = YES;
				CLANG_WARN_ENUM_CONVERSION = YES;
				CLANG_WARN_INFINITE_RECURSION = YES;
				CLANG_WARN_INT_CONVERSION = YES;
				CLANG_WARN_NON_LITERAL_NULL_CONVERSION = YES;
				CLANG_WARN_OBJC_IMPLICIT_RETAIN_SELF = YES;
				CLANG_WARN_OBJC_LITERAL_CONVERSION = YES;
				CLANG_WARN_OBJC_ROOT_CLASS = YES_ERROR;
				CLANG_WARN_QUOTED_INCLUDE_IN_FRAMEWORK_HEADER = YES;
				CLANG_WARN_RANGE_LOOP_ANALYSIS = YES;
				CLANG_WARN_STRICT_PROTOTYPES = YES;
				CLANG_WARN_SUSPICIOUS_MOVE = YES;
				CLANG_WARN_UNGUARDED_AVAILABILITY = YES_AGGRESSIVE;
				CLANG_WARN_UNREACHABLE_CODE = YES;
				CLANG_WARN__DUPLICATE_METHOD_MATCH = YES;
				COPY_PHASE_STRIP = NO;
				DEBUG_INFORMATION_FORMAT = dwarf;
				ENABLE_STRICT_OBJC_MSGSEND = YES;
				ENABLE_TESTABILITY = YES;
				GCC_C_LANGUAGE_STANDARD = gnu11;
				GCC_DYNAMIC_NO_PIC = NO;
				GCC_NO_COMMON_BLOCKS = YES;
				GCC_OPTIMIZATION_LEVEL = 0;
				GCC_PREPROCESSOR_DEFINITIONS = (
					"DEBUG=1",
					"$(inherited)",
				);
				GCC_WARN_64_TO_32_BIT_CONVERSION = YES;
				GCC_WARN_ABOUT_RETURN_TYPE = YES_ERROR;
				GCC_WARN_UNDECLARED_SELECTOR = YES;
				GCC_WARN_UNINITIALIZED_AUTOS = YES_AGGRESSIVE;
				GCC_WARN_UNUSED_FUNCTION = YES;
				GCC_WARN_UNUSED_VARIABLE = YES;
				IPHONEOS_DEPLOYMENT_TARGET = 15.0;
				MACOSX_DEPLOYMENT_TARGET = 11.0;
				MTL_ENABLE_DEBUG_INFO = INCLUDE_SOURCE;
				MTL_FAST_MATH = YES;
				ONLY_ACTIVE_ARCH = YES;
				SWIFT_ACTIVE_COMPILATION_CONDITIONS = DEBUG;
				SWIFT_OPTIMIZATION_LEVEL = "-Onone";
			};
			name = Debug;
		};
		95197C922612F5E3000A8DB0 /* Release */ = {
			isa = XCBuildConfiguration;
			buildSettings = {
				ALWAYS_SEARCH_USER_PATHS = NO;
				CLANG_ANALYZER_NONNULL = YES;
				CLANG_ANALYZER_NUMBER_OBJECT_CONVERSION = YES_AGGRESSIVE;
				CLANG_CXX_LANGUAGE_STANDARD = "gnu++14";
				CLANG_CXX_LIBRARY = "libc++";
				CLANG_ENABLE_MODULES = YES;
				CLANG_ENABLE_OBJC_ARC = YES;
				CLANG_ENABLE_OBJC_WEAK = YES;
				CLANG_WARN_BLOCK_CAPTURE_AUTORELEASING = YES;
				CLANG_WARN_BOOL_CONVERSION = YES;
				CLANG_WARN_COMMA = YES;
				CLANG_WARN_CONSTANT_CONVERSION = YES;
				CLANG_WARN_DEPRECATED_OBJC_IMPLEMENTATIONS = YES;
				CLANG_WARN_DIRECT_OBJC_ISA_USAGE = YES_ERROR;
				CLANG_WARN_DOCUMENTATION_COMMENTS = YES;
				CLANG_WARN_EMPTY_BODY = YES;
				CLANG_WARN_ENUM_CONVERSION = YES;
				CLANG_WARN_INFINITE_RECURSION = YES;
				CLANG_WARN_INT_CONVERSION = YES;
				CLANG_WARN_NON_LITERAL_NULL_CONVERSION = YES;
				CLANG_WARN_OBJC_IMPLICIT_RETAIN_SELF = YES;
				CLANG_WARN_OBJC_LITERAL_CONVERSION = YES;
				CLANG_WARN_OBJC_ROOT_CLASS = YES_ERROR;
				CLANG_WARN_QUOTED_INCLUDE_IN_FRAMEWORK_HEADER = YES;
				CLANG_WARN_RANGE_LOOP_ANALYSIS = YES;
				CLANG_WARN_STRICT_PROTOTYPES = YES;
				CLANG_WARN_SUSPICIOUS_MOVE = YES;
				CLANG_WARN_UNGUARDED_AVAILABILITY = YES_AGGRESSIVE;
				CLANG_WARN_UNREACHABLE_CODE = YES;
				CLANG_WARN__DUPLICATE_METHOD_MATCH = YES;
				COPY_PHASE_STRIP = NO;
				DEBUG_INFORMATION_FORMAT = "dwarf-with-dsym";
				ENABLE_NS_ASSERTIONS = NO;
				ENABLE_STRICT_OBJC_MSGSEND = YES;
				GCC_C_LANGUAGE_STANDARD = gnu11;
				GCC_NO_COMMON_BLOCKS = YES;
				GCC_WARN_64_TO_32_BIT_CONVERSION = YES;
				GCC_WARN_ABOUT_RETURN_TYPE = YES_ERROR;
				GCC_WARN_UNDECLARED_SELECTOR = YES;
				GCC_WARN_UNINITIALIZED_AUTOS = YES_AGGRESSIVE;
				GCC_WARN_UNUSED_FUNCTION = YES;
				GCC_WARN_UNUSED_VARIABLE = YES;
				IPHONEOS_DEPLOYMENT_TARGET = 15.0;
				MACOSX_DEPLOYMENT_TARGET = 11.0;
				MTL_ENABLE_DEBUG_INFO = NO;
				MTL_FAST_MATH = YES;
				SWIFT_COMPILATION_MODE = wholemodule;
				SWIFT_OPTIMIZATION_LEVEL = "-O";
			};
			name = Release;
		};
		95197C942612F5E3000A8DB0 /* Debug */ = {
			isa = XCBuildConfiguration;
			baseConfigurationReference = BD691C6C0217F0279DDB0A9C /* Pods-USStockNews (iOS).debug.xcconfig */;
			buildSettings = {
				ASSETCATALOG_COMPILER_APPICON_NAME = AppIcon;
				ASSETCATALOG_COMPILER_GLOBAL_ACCENT_COLOR_NAME = AccentColor;
				CODE_SIGN_STYLE = Automatic;
				DEVELOPMENT_TEAM = L4447VNCK7;
				ENABLE_PREVIEWS = YES;
				INFOPLIST_FILE = iOS/Info.plist;
				IPHONEOS_DEPLOYMENT_TARGET = 15.0;
				LD_RUNPATH_SEARCH_PATHS = (
					"$(inherited)",
					"@executable_path/Frameworks",
				);
				PRODUCT_BUNDLE_IDENTIFIER = com.anchor.USStockNews;
				PRODUCT_NAME = USStockNews;
				SDKROOT = iphoneos;
				SWIFT_VERSION = 5.0;
				TARGETED_DEVICE_FAMILY = "1,2";
			};
			name = Debug;
		};
		95197C952612F5E3000A8DB0 /* Release */ = {
			isa = XCBuildConfiguration;
			baseConfigurationReference = 70F20BED5E77165B87D63D29 /* Pods-USStockNews (iOS).release.xcconfig */;
			buildSettings = {
				ASSETCATALOG_COMPILER_APPICON_NAME = AppIcon;
				ASSETCATALOG_COMPILER_GLOBAL_ACCENT_COLOR_NAME = AccentColor;
				CODE_SIGN_STYLE = Automatic;
				DEVELOPMENT_TEAM = L4447VNCK7;
				ENABLE_PREVIEWS = YES;
				INFOPLIST_FILE = iOS/Info.plist;
				IPHONEOS_DEPLOYMENT_TARGET = 15.0;
				LD_RUNPATH_SEARCH_PATHS = (
					"$(inherited)",
					"@executable_path/Frameworks",
				);
				PRODUCT_BUNDLE_IDENTIFIER = com.anchor.USStockNews;
				PRODUCT_NAME = USStockNews;
				SDKROOT = iphoneos;
				SWIFT_VERSION = 5.0;
				TARGETED_DEVICE_FAMILY = "1,2";
				VALIDATE_PRODUCT = YES;
			};
			name = Release;
		};
		95197C972612F5E3000A8DB0 /* Debug */ = {
			isa = XCBuildConfiguration;
			baseConfigurationReference = 11DDEBD78404678715802842 /* Pods-USStockNews (macOS).debug.xcconfig */;
			buildSettings = {
				ASSETCATALOG_COMPILER_APPICON_NAME = AppIcon;
				ASSETCATALOG_COMPILER_GLOBAL_ACCENT_COLOR_NAME = AccentColor;
				CODE_SIGN_ENTITLEMENTS = macOS/macOS.entitlements;
				CODE_SIGN_IDENTITY = "-";
				CODE_SIGN_STYLE = Automatic;
				COMBINE_HIDPI_IMAGES = YES;
				DEVELOPMENT_TEAM = L4447VNCK7;
				ENABLE_HARDENED_RUNTIME = YES;
				ENABLE_PREVIEWS = YES;
				INFOPLIST_FILE = macOS/Info.plist;
				LD_RUNPATH_SEARCH_PATHS = (
					"$(inherited)",
					"@executable_path/../Frameworks",
				);
				MACOSX_DEPLOYMENT_TARGET = 11.0;
				PRODUCT_BUNDLE_IDENTIFIER = com.anchor.USStockNews;
				PRODUCT_NAME = USStockNews;
				SDKROOT = macosx;
				SWIFT_VERSION = 5.0;
			};
			name = Debug;
		};
		95197C982612F5E3000A8DB0 /* Release */ = {
			isa = XCBuildConfiguration;
			baseConfigurationReference = 1B315990BEB3FFF933FE17FF /* Pods-USStockNews (macOS).release.xcconfig */;
			buildSettings = {
				ASSETCATALOG_COMPILER_APPICON_NAME = AppIcon;
				ASSETCATALOG_COMPILER_GLOBAL_ACCENT_COLOR_NAME = AccentColor;
				CODE_SIGN_ENTITLEMENTS = macOS/macOS.entitlements;
				CODE_SIGN_IDENTITY = "-";
				CODE_SIGN_STYLE = Automatic;
				COMBINE_HIDPI_IMAGES = YES;
				DEVELOPMENT_TEAM = L4447VNCK7;
				ENABLE_HARDENED_RUNTIME = YES;
				ENABLE_PREVIEWS = YES;
				INFOPLIST_FILE = macOS/Info.plist;
				LD_RUNPATH_SEARCH_PATHS = (
					"$(inherited)",
					"@executable_path/../Frameworks",
				);
				MACOSX_DEPLOYMENT_TARGET = 11.0;
				PRODUCT_BUNDLE_IDENTIFIER = com.anchor.USStockNews;
				PRODUCT_NAME = USStockNews;
				SDKROOT = macosx;
				SWIFT_VERSION = 5.0;
			};
			name = Release;
		};
		95197C9A2612F5E3000A8DB0 /* Debug */ = {
			isa = XCBuildConfiguration;
			buildSettings = {
				ALWAYS_EMBED_SWIFT_STANDARD_LIBRARIES = YES;
				CODE_SIGN_STYLE = Automatic;
				DEVELOPMENT_TEAM = L4447VNCK7;
				INFOPLIST_FILE = "Tests iOS/Info.plist";
				IPHONEOS_DEPLOYMENT_TARGET = 14.2;
				LD_RUNPATH_SEARCH_PATHS = (
					"$(inherited)",
					"@executable_path/Frameworks",
					"@loader_path/Frameworks",
				);
				PRODUCT_BUNDLE_IDENTIFIER = "com.anchor.Tests-iOS";
				PRODUCT_NAME = "$(TARGET_NAME)";
				SDKROOT = iphoneos;
				SWIFT_VERSION = 5.0;
				TARGETED_DEVICE_FAMILY = "1,2";
				TEST_TARGET_NAME = "USStockNews (iOS)";
			};
			name = Debug;
		};
		95197C9B2612F5E3000A8DB0 /* Release */ = {
			isa = XCBuildConfiguration;
			buildSettings = {
				ALWAYS_EMBED_SWIFT_STANDARD_LIBRARIES = YES;
				CODE_SIGN_STYLE = Automatic;
				DEVELOPMENT_TEAM = L4447VNCK7;
				INFOPLIST_FILE = "Tests iOS/Info.plist";
				IPHONEOS_DEPLOYMENT_TARGET = 14.2;
				LD_RUNPATH_SEARCH_PATHS = (
					"$(inherited)",
					"@executable_path/Frameworks",
					"@loader_path/Frameworks",
				);
				PRODUCT_BUNDLE_IDENTIFIER = "com.anchor.Tests-iOS";
				PRODUCT_NAME = "$(TARGET_NAME)";
				SDKROOT = iphoneos;
				SWIFT_VERSION = 5.0;
				TARGETED_DEVICE_FAMILY = "1,2";
				TEST_TARGET_NAME = "USStockNews (iOS)";
				VALIDATE_PRODUCT = YES;
			};
			name = Release;
		};
		95197C9D2612F5E3000A8DB0 /* Debug */ = {
			isa = XCBuildConfiguration;
			buildSettings = {
				ALWAYS_EMBED_SWIFT_STANDARD_LIBRARIES = YES;
				CODE_SIGN_STYLE = Automatic;
				COMBINE_HIDPI_IMAGES = YES;
				DEVELOPMENT_TEAM = L4447VNCK7;
				INFOPLIST_FILE = "Tests macOS/Info.plist";
				LD_RUNPATH_SEARCH_PATHS = (
					"$(inherited)",
					"@executable_path/../Frameworks",
					"@loader_path/../Frameworks",
				);
				MACOSX_DEPLOYMENT_TARGET = 11.0;
				PRODUCT_BUNDLE_IDENTIFIER = "com.anchor.Tests-macOS";
				PRODUCT_NAME = "$(TARGET_NAME)";
				SDKROOT = macosx;
				SWIFT_VERSION = 5.0;
				TEST_TARGET_NAME = "USStockNews (macOS)";
			};
			name = Debug;
		};
		95197C9E2612F5E3000A8DB0 /* Release */ = {
			isa = XCBuildConfiguration;
			buildSettings = {
				ALWAYS_EMBED_SWIFT_STANDARD_LIBRARIES = YES;
				CODE_SIGN_STYLE = Automatic;
				COMBINE_HIDPI_IMAGES = YES;
				DEVELOPMENT_TEAM = L4447VNCK7;
				INFOPLIST_FILE = "Tests macOS/Info.plist";
				LD_RUNPATH_SEARCH_PATHS = (
					"$(inherited)",
					"@executable_path/../Frameworks",
					"@loader_path/../Frameworks",
				);
				MACOSX_DEPLOYMENT_TARGET = 11.0;
				PRODUCT_BUNDLE_IDENTIFIER = "com.anchor.Tests-macOS";
				PRODUCT_NAME = "$(TARGET_NAME)";
				SDKROOT = macosx;
				SWIFT_VERSION = 5.0;
				TEST_TARGET_NAME = "USStockNews (macOS)";
			};
			name = Release;
		};
/* End XCBuildConfiguration section */

/* Begin XCConfigurationList section */
		95197C592612F5E1000A8DB0 /* Build configuration list for PBXProject "USStockNews" */ = {
			isa = XCConfigurationList;
			buildConfigurations = (
				95197C912612F5E3000A8DB0 /* Debug */,
				95197C922612F5E3000A8DB0 /* Release */,
			);
			defaultConfigurationIsVisible = 0;
			defaultConfigurationName = Release;
		};
		95197C932612F5E3000A8DB0 /* Build configuration list for PBXNativeTarget "USStockNews (iOS)" */ = {
			isa = XCConfigurationList;
			buildConfigurations = (
				95197C942612F5E3000A8DB0 /* Debug */,
				95197C952612F5E3000A8DB0 /* Release */,
			);
			defaultConfigurationIsVisible = 0;
			defaultConfigurationName = Release;
		};
		95197C962612F5E3000A8DB0 /* Build configuration list for PBXNativeTarget "USStockNews (macOS)" */ = {
			isa = XCConfigurationList;
			buildConfigurations = (
				95197C972612F5E3000A8DB0 /* Debug */,
				95197C982612F5E3000A8DB0 /* Release */,
			);
			defaultConfigurationIsVisible = 0;
			defaultConfigurationName = Release;
		};
		95197C992612F5E3000A8DB0 /* Build configuration list for PBXNativeTarget "Tests iOS" */ = {
			isa = XCConfigurationList;
			buildConfigurations = (
				95197C9A2612F5E3000A8DB0 /* Debug */,
				95197C9B2612F5E3000A8DB0 /* Release */,
			);
			defaultConfigurationIsVisible = 0;
			defaultConfigurationName = Release;
		};
		95197C9C2612F5E3000A8DB0 /* Build configuration list for PBXNativeTarget "Tests macOS" */ = {
			isa = XCConfigurationList;
			buildConfigurations = (
				95197C9D2612F5E3000A8DB0 /* Debug */,
				95197C9E2612F5E3000A8DB0 /* Release */,
			);
			defaultConfigurationIsVisible = 0;
			defaultConfigurationName = Release;
		};
/* End XCConfigurationList section */

/* Begin XCVersionGroup section */
		95197C5B2612F5E1000A8DB0 /* USStockNews.xcdatamodeld */ = {
			isa = XCVersionGroup;
			children = (
				95197C5C2612F5E1000A8DB0 /* Shared.xcdatamodel */,
			);
			currentVersion = 95197C5C2612F5E1000A8DB0 /* Shared.xcdatamodel */;
			path = USStockNews.xcdatamodeld;
			sourceTree = "<group>";
			versionGroupType = wrapper.xcdatamodel;
		};
/* End XCVersionGroup section */
	};
	rootObject = 95197C562612F5E1000A8DB0 /* Project object */;
}
